
Microsoft Visual Studio Solution File, Format Version 12.00
# Visual Studio 2013
VisualStudioVersion = 12.0.31101.0
MinimumVisualStudioVersion = 10.0.40219.1
Project("{FAE04EC0-301F-11D3-BF4B-00C04F79EFBC}") = "VirtualStore", "VirtualStore\VirtualStore.csproj", "{63FB2DE3-82FC-4310-92A3-BD127E7A2844}"
EndProject
Project("{FAE04EC0-301F-11D3-BF4B-00C04F79EFBC}") = "VirtualStore.Test", "VirtualStore.Test\VirtualStore.Test.csproj", "{F32D4F31-27D1-476D-8822-F4EE89C2971D}"
EndProject
Project("{2150E333-8FDC-42A3-9474-1A3956D46DE8}") = "Solution Items", "Solution Items", "{42EC0329-431B-43D2-AF8F-4591ADED903F}"
	ProjectSection(SolutionItems) = preProject
		VirtualStore.TestSettings = VirtualStore.TestSettings
	EndProjectSection
EndProject
Global
	GlobalSection(SolutionConfigurationPlatforms) = preSolution
		Debug|Any CPU = Debug|Any CPU
		Release|Any CPU = Release|Any CPU
	EndGlobalSection
	GlobalSection(ProjectConfigurationPlatforms) = postSolution
		{63FB2DE3-82FC-4310-92A3-BD127E7A2844}.Debug|Any CPU.ActiveCfg = Debug|Any CPU
		{63FB2DE3-82FC-4310-92A3-BD127E7A2844}.Debug|Any CPU.Build.0 = Debug|Any CPU
		{63FB2DE3-82FC-4310-92A3-BD127E7A2844}.Release|Any CPU.ActiveCfg = Release|Any CPU
		{63FB2DE3-82FC-4310-92A3-BD127E7A2844}.Release|Any CPU.Build.0 = Release|Any CPU
		{F32D4F31-27D1-476D-8822-F4EE89C2971D}.Debug|Any CPU.ActiveCfg = Debug|Any CPU
		{F32D4F31-27D1-476D-8822-F4EE89C2971D}.Debug|Any CPU.Build.0 = Debug|Any CPU
		{F32D4F31-27D1-476D-8822-F4EE89C2971D}.Release|Any CPU.ActiveCfg = Release|Any CPU
		{F32D4F31-27D1-476D-8822-F4EE89C2971D}.Release|Any CPU.Build.0 = Release|Any CPU
	EndGlobalSection
	GlobalSection(SolutionProperties) = preSolution
		HideSolutionNode = FALSE
	EndGlobalSection
EndGlobal
